
Microsoft Visual Studio Solution File, Format Version 12.00
# Visual Studio 15
VisualStudioVersion = 15.0.28307.106
MinimumVisualStudioVersion = 10.0.40219.1
Project("{8BC9CEB8-8B4A-11D0-8D11-00A0C91BC942}") = "MFCex", "MFCex\MFCex.vcxproj", "{76F4649E-FDA4-4C96-AB3A-C26B8AF7EF50}"
EndProject
Project("{8BC9CEB8-8B4A-11D0-8D11-00A0C91BC942}") = "MFC_G", "MFC_G\MFC_G.vcxproj", "{EF646530-BC41-4000-84F1-87B3C3CFE3DE}"
EndProject
Project("{8BC9CEB8-8B4A-11D0-8D11-00A0C91BC942}") = "MFC_H", "MFC_H\MFC_H.vcxproj", "{AA32029C-A7ED-4077-BEE3-103860E4B53B}"
EndProject
Project("{8BC9CEB8-8B4A-11D0-8D11-00A0C91BC942}") = "MFC_I", "MFC_I\MFC_I.vcxproj", "{C8A91FD7-50A3-4D8E-8440-377F88C543EF}"
EndProject
Project("{8BC9CEB8-8B4A-11D0-8D11-00A0C91BC942}") = "MFC_GDI+", "MFC_GDI+\MFC_GDI+.vcxproj", "{65BAF3D3-D42B-44F1-8C2A-F2C42C74C723}"
EndProject
Project("{8BC9CEB8-8B4A-11D0-8D11-00A0C91BC942}") = "GDI+_test1", "GDI+_test1\GDI+_test1.vcxproj", "{05A3709B-1A42-45A7-B15A-5F0BD923A12D}"
EndProject
Project("{8BC9CEB8-8B4A-11D0-8D11-00A0C91BC942}") = "GDI+_test2", "GDI+_test2\GDI+_test2.vcxproj", "{54DA1D05-8D55-4DD7-966C-BB1DB5FB97BC}"
EndProject
Global
	GlobalSection(SolutionConfigurationPlatforms) = preSolution
		Debug|x64 = Debug|x64
		Debug|x86 = Debug|x86
		Release|x64 = Release|x64
		Release|x86 = Release|x86
	EndGlobalSection
	GlobalSection(ProjectConfigurationPlatforms) = postSolution
		{76F4649E-FDA4-4C96-AB3A-C26B8AF7EF50}.Debug|x64.ActiveCfg = Debug|x64
		{76F4649E-FDA4-4C96-AB3A-C26B8AF7EF50}.Debug|x64.Build.0 = Debug|x64
		{76F4649E-FDA4-4C96-AB3A-C26B8AF7EF50}.Debug|x86.ActiveCfg = Debug|Win32
		{76F4649E-FDA4-4C96-AB3A-C26B8AF7EF50}.Debug|x86.Build.0 = Debug|Win32
		{76F4649E-FDA4-4C96-AB3A-C26B8AF7EF50}.Release|x64.ActiveCfg = Release|x64
		{76F4649E-FDA4-4C96-AB3A-C26B8AF7EF50}.Release|x64.Build.0 = Release|x64
		{76F4649E-FDA4-4C96-AB3A-C26B8AF7EF50}.Release|x86.ActiveCfg = Release|Win32
		{76F4649E-FDA4-4C96-AB3A-C26B8AF7EF50}.Release|x86.Build.0 = Release|Win32
		{EF646530-BC41-4000-84F1-87B3C3CFE3DE}.Debug|x64.ActiveCfg = Debug|x64
		{EF646530-BC41-4000-84F1-87B3C3CFE3DE}.Debug|x64.Build.0 = Debug|x64
		{EF646530-BC41-4000-84F1-87B3C3CFE3DE}.Debug|x86.ActiveCfg = Debug|Win32
		{EF646530-BC41-4000-84F1-87B3C3CFE3DE}.Debug|x86.Build.0 = Debug|Win32
		{EF646530-BC41-4000-84F1-87B3C3CFE3DE}.Release|x64.ActiveCfg = Release|x64
		{EF646530-BC41-4000-84F1-87B3C3CFE3DE}.Release|x64.Build.0 = Release|x64
		{EF646530-BC41-4000-84F1-87B3C3CFE3DE}.Release|x86.ActiveCfg = Release|Win32
		{EF646530-BC41-4000-84F1-87B3C3CFE3DE}.Release|x86.Build.0 = Release|Win32
		{AA32029C-A7ED-4077-BEE3-103860E4B53B}.Debug|x64.ActiveCfg = Debug|x64
		{AA32029C-A7ED-4077-BEE3-103860E4B53B}.Debug|x64.Build.0 = Debug|x64
		{AA32029C-A7ED-4077-BEE3-103860E4B53B}.Debug|x86.ActiveCfg = Debug|Win32
		{AA32029C-A7ED-4077-BEE3-103860E4B53B}.Debug|x86.Build.0 = Debug|Win32
		{AA32029C-A7ED-4077-BEE3-103860E4B53B}.Release|x64.ActiveCfg = Release|x64
		{AA32029C-A7ED-4077-BEE3-103860E4B53B}.Release|x64.Build.0 = Release|x64
		{AA32029C-A7ED-4077-BEE3-103860E4B53B}.Release|x86.ActiveCfg = Release|Win32
		{AA32029C-A7ED-4077-BEE3-103860E4B53B}.Release|x86.Build.0 = Release|Win32
		{C8A91FD7-50A3-4D8E-8440-377F88C543EF}.Debug|x64.ActiveCfg = Debug|x64
		{C8A91FD7-50A3-4D8E-8440-377F88C543EF}.Debug|x64.Build.0 = Debug|x64
		{C8A91FD7-50A3-4D8E-8440-377F88C543EF}.Debug|x86.ActiveCfg = Debug|Win32
		{C8A91FD7-50A3-4D8E-8440-377F88C543EF}.Debug|x86.Build.0 = Debug|Win32
		{C8A91FD7-50A3-4D8E-8440-377F88C543EF}.Release|x64.ActiveCfg = Release|x64
		{C8A91FD7-50A3-4D8E-8440-377F88C543EF}.Release|x64.Build.0 = Release|x64
		{C8A91FD7-50A3-4D8E-8440-377F88C543EF}.Release|x86.ActiveCfg = Release|Win32
		{C8A91FD7-50A3-4D8E-8440-377F88C543EF}.Release|x86.Build.0 = Release|Win32
		{65BAF3D3-D42B-44F1-8C2A-F2C42C74C723}.Debug|x64.ActiveCfg = Debug|x64
		{65BAF3D3-D42B-44F1-8C2A-F2C42C74C723}.Debug|x64.Build.0 = Debug|x64
		{65BAF3D3-D42B-44F1-8C2A-F2C42C74C723}.Debug|x86.ActiveCfg = Debug|Win32
		{65BAF3D3-D42B-44F1-8C2A-F2C42C74C723}.Debug|x86.Build.0 = Debug|Win32
		{65BAF3D3-D42B-44F1-8C2A-F2C42C74C723}.Release|x64.ActiveCfg = Release|x64
		{65BAF3D3-D42B-44F1-8C2A-F2C42C74C723}.Release|x64.Build.0 = Release|x64
		{65BAF3D3-D42B-44F1-8C2A-F2C42C74C723}.Release|x86.ActiveCfg = Release|Win32
		{65BAF3D3-D42B-44F1-8C2A-F2C42C74C723}.Release|x86.Build.0 = Release|Win32
		{05A3709B-1A42-45A7-B15A-5F0BD923A12D}.Debug|x64.ActiveCfg = Debug|x64
		{05A3709B-1A42-45A7-B15A-5F0BD923A12D}.Debug|x64.Build.0 = Debug|x64
		{05A3709B-1A42-45A7-B15A-5F0BD923A12D}.Debug|x86.ActiveCfg = Debug|Win32
		{05A3709B-1A42-45A7-B15A-5F0BD923A12D}.Debug|x86.Build.0 = Debug|Win32
		{05A3709B-1A42-45A7-B15A-5F0BD923A12D}.Release|x64.ActiveCfg = Release|x64
		{05A3709B-1A42-45A7-B15A-5F0BD923A12D}.Release|x64.Build.0 = Release|x64
		{05A3709B-1A42-45A7-B15A-5F0BD923A12D}.Release|x86.ActiveCfg = Release|Win32
		{05A3709B-1A42-45A7-B15A-5F0BD923A12D}.Release|x86.Build.0 = Release|Win32
		{54DA1D05-8D55-4DD7-966C-BB1DB5FB97BC}.Debug|x64.ActiveCfg = Debug|x64
		{54DA1D05-8D55-4DD7-966C-BB1DB5FB97BC}.Debug|x64.Build.0 = Debug|x64
		{54DA1D05-8D55-4DD7-966C-BB1DB5FB97BC}.Debug|x86.ActiveCfg = Debug|Win32
		{54DA1D05-8D55-4DD7-966C-BB1DB5FB97BC}.Debug|x86.Build.0 = Debug|Win32
		{54DA1D05-8D55-4DD7-966C-BB1DB5FB97BC}.Release|x64.ActiveCfg = Release|x64
		{54DA1D05-8D55-4DD7-966C-BB1DB5FB97BC}.Release|x64.Build.0 = Release|x64
		{54DA1D05-8D55-4DD7-966C-BB1DB5FB97BC}.Release|x86.ActiveCfg = Release|Win32
		{54DA1D05-8D55-4DD7-966C-BB1DB5FB97BC}.Release|x86.Build.0 = Release|Win32
	EndGlobalSection
	GlobalSection(SolutionProperties) = preSolution
		HideSolutionNode = FALSE
	EndGlobalSection
	GlobalSection(ExtensibilityGlobals) = postSolution
		SolutionGuid = {7DDE34B3-1FFC-4DF0-812C-B9E0CB90F69E}
	EndGlobalSection
EndGlobal
